
Microsoft Visual Studio Solution File, Format Version 12.00
# Visual Studio 15
VisualStudioVersion = 15.0.28307.1267
MinimumVisualStudioVersion = 10.0.40219.1
Project("{FAE04EC0-301F-11D3-BF4B-00C04F79EFBC}") = "WK.POS.WebAPI", "WK.POS.WebAPI\WK.POS.WebAPI.csproj", "{CA681FF6-8B0E-4EA0-9AC1-8B17577AF4C7}"
EndProject
Project("{FAE04EC0-301F-11D3-BF4B-00C04F79EFBC}") = "WK.POS.Interfaces", "WK.POS.Interfaces\WK.POS.Interfaces.csproj", "{C6864441-712F-4774-A40B-AC613D4F0076}"
EndProject
Project("{FAE04EC0-301F-11D3-BF4B-00C04F79EFBC}") = "WK.POS.Services", "WK.POS.Services\WK.POS.Services.csproj", "{DE3B513B-23D7-4D49-97A7-A38F500AF044}"
EndProject
Project("{FAE04EC0-301F-11D3-BF4B-00C04F79EFBC}") = "WK.POS.Models", "WK.POS.Models\WK.POS.Models.csproj", "{A9871D70-6568-46FE-9903-A775EC602CD4}"
EndProject
Project("{FAE04EC0-301F-11D3-BF4B-00C04F79EFBC}") = "WK.POS.Tests", "WK.POS.Tests\WK.POS.Tests.csproj", "{409BC212-E99E-48C6-A58B-4AB41EA94618}"
EndProject
Global
	GlobalSection(SolutionConfigurationPlatforms) = preSolution
		Debug|Any CPU = Debug|Any CPU
		Release|Any CPU = Release|Any CPU
	EndGlobalSection
	GlobalSection(ProjectConfigurationPlatforms) = postSolution
		{CA681FF6-8B0E-4EA0-9AC1-8B17577AF4C7}.Debug|Any CPU.ActiveCfg = Debug|Any CPU
		{CA681FF6-8B0E-4EA0-9AC1-8B17577AF4C7}.Debug|Any CPU.Build.0 = Debug|Any CPU
		{CA681FF6-8B0E-4EA0-9AC1-8B17577AF4C7}.Release|Any CPU.ActiveCfg = Release|Any CPU
		{CA681FF6-8B0E-4EA0-9AC1-8B17577AF4C7}.Release|Any CPU.Build.0 = Release|Any CPU
		{C6864441-712F-4774-A40B-AC613D4F0076}.Debug|Any CPU.ActiveCfg = Debug|Any CPU
		{C6864441-712F-4774-A40B-AC613D4F0076}.Debug|Any CPU.Build.0 = Debug|Any CPU
		{C6864441-712F-4774-A40B-AC613D4F0076}.Release|Any CPU.ActiveCfg = Release|Any CPU
		{C6864441-712F-4774-A40B-AC613D4F0076}.Release|Any CPU.Build.0 = Release|Any CPU
		{DE3B513B-23D7-4D49-97A7-A38F500AF044}.Debug|Any CPU.ActiveCfg = Debug|Any CPU
		{DE3B513B-23D7-4D49-97A7-A38F500AF044}.Debug|Any CPU.Build.0 = Debug|Any CPU
		{DE3B513B-23D7-4D49-97A7-A38F500AF044}.Release|Any CPU.ActiveCfg = Release|Any CPU
		{DE3B513B-23D7-4D49-97A7-A38F500AF044}.Release|Any CPU.Build.0 = Release|Any CPU
		{A9871D70-6568-46FE-9903-A775EC602CD4}.Debug|Any CPU.ActiveCfg = Debug|Any CPU
		{A9871D70-6568-46FE-9903-A775EC602CD4}.Debug|Any CPU.Build.0 = Debug|Any CPU
		{A9871D70-6568-46FE-9903-A775EC602CD4}.Release|Any CPU.ActiveCfg = Release|Any CPU
		{A9871D70-6568-46FE-9903-A775EC602CD4}.Release|Any CPU.Build.0 = Release|Any CPU
		{409BC212-E99E-48C6-A58B-4AB41EA94618}.Debug|Any CPU.ActiveCfg = Debug|Any CPU
		{409BC212-E99E-48C6-A58B-4AB41EA94618}.Debug|Any CPU.Build.0 = Debug|Any CPU
		{409BC212-E99E-48C6-A58B-4AB41EA94618}.Release|Any CPU.ActiveCfg = Release|Any CPU
		{409BC212-E99E-48C6-A58B-4AB41EA94618}.Release|Any CPU.Build.0 = Release|Any CPU
	EndGlobalSection
	GlobalSection(SolutionProperties) = preSolution
		HideSolutionNode = FALSE
	EndGlobalSection
	GlobalSection(ExtensibilityGlobals) = postSolution
		SolutionGuid = {6899A5ED-43F1-4FD0-A50E-B36D7994B674}
	EndGlobalSection
EndGlobal
